
Microsoft Visual Studio Solution File, Format Version 12.00
# Visual Studio 14
VisualStudioVersion = 14.0.23107.0
MinimumVisualStudioVersion = 10.0.40219.1
Project("{FAE04EC0-301F-11D3-BF4B-00C04F79EFBC}") = "FizzBuzzKata", "FizzBuzzKata\FizzBuzzKata.csproj", "{046D5017-B6F4-4CD2-B6CA-F6268F506308}"
EndProject
Project("{FAE04EC0-301F-11D3-BF4B-00C04F79EFBC}") = "FizzBuzzKata.Tests", "FizzBuzzKata.Tests\FizzBuzzKata.Tests.csproj", "{62A623D6-04A2-47F5-B6C2-A0F7CE9FB5CF}"
EndProject
Global
	GlobalSection(SolutionConfigurationPlatforms) = preSolution
		Debug|Any CPU = Debug|Any CPU
		Release|Any CPU = Release|Any CPU
	EndGlobalSection
	GlobalSection(ProjectConfigurationPlatforms) = postSolution
		{046D5017-B6F4-4CD2-B6CA-F6268F506308}.Debug|Any CPU.ActiveCfg = Debug|Any CPU
		{046D5017-B6F4-4CD2-B6CA-F6268F506308}.Debug|Any CPU.Build.0 = Debug|Any CPU
		{046D5017-B6F4-4CD2-B6CA-F6268F506308}.Release|Any CPU.ActiveCfg = Release|Any CPU
		{046D5017-B6F4-4CD2-B6CA-F6268F506308}.Release|Any CPU.Build.0 = Release|Any CPU
		{62A623D6-04A2-47F5-B6C2-A0F7CE9FB5CF}.Debug|Any CPU.ActiveCfg = Debug|Any CPU
		{62A623D6-04A2-47F5-B6C2-A0F7CE9FB5CF}.Debug|Any CPU.Build.0 = Debug|Any CPU
		{62A623D6-04A2-47F5-B6C2-A0F7CE9FB5CF}.Release|Any CPU.ActiveCfg = Release|Any CPU
		{62A623D6-04A2-47F5-B6C2-A0F7CE9FB5CF}.Release|Any CPU.Build.0 = Release|Any CPU
	EndGlobalSection
	GlobalSection(SolutionProperties) = preSolution
		HideSolutionNode = FALSE
	EndGlobalSection
EndGlobal
